# THIS IS AN AUTOGENERATED FILE. DO NOT EDIT THIS FILE DIRECTLY.
# yarn lockfile v1


"@babel/code-frame@^7.10.4":
  version "7.21.4"
  resolved "https://registry.yarnpkg.com/@babel/code-frame/-/code-frame-7.21.4.tgz#d0fa9e4413aca81f2b23b9442797bda1826edb39"
  integrity sha512-LYvhNKfwWSPpocw8GI7gpK2nq3HSDuEPC/uSYaALSJu9xjsalaaYFOq0Pwt5KmVqwEbZlDu81aLXwBOmD/Fv9g==
  dependencies:
    "@babel/highlight" "^7.18.6"

"@babel/helper-validator-identifier@^7.18.6":
  version "7.19.1"
  resolved "https://registry.yarnpkg.com/@babel/helper-validator-identifier/-/helper-validator-identifier-7.19.1.tgz#7eea834cf32901ffdc1a7ee555e2f9c27e249ca2"
  integrity sha512-awrNfaMtnHUr653GgGEs++LlAvW6w+DcPrOliSMXWCKo597CwL5Acf/wWdNkf/tfEQE3mjkeD1YOVZOUV/od1w==

"@babel/highlight@^7.18.6":
  version "7.18.6"
  resolved "https://registry.yarnpkg.com/@babel/highlight/-/highlight-7.18.6.tgz#81158601e93e2563795adcbfbdf5d64be3f2ecdf"
  integrity sha512-u7stbOuYjaPezCuLj29hNW1v64M2Md2qupEKP1fHc7WdOA3DgLh37suiSrZYY7haUB7iBeQZ9P1uiRF359do3g==
  dependencies:
    "@babel/helper-validator-identifier" "^7.18.6"
    chalk "^2.0.0"
    js-tokens "^4.0.0"

"@babel/runtime@^7.1.2", "@babel/runtime@^7.12.13", "@babel/runtime@^7.12.5":
  version "7.21.0"
  resolved "https://registry.yarnpkg.com/@babel/runtime/-/runtime-7.21.0.tgz#5b55c9d394e5fcf304909a8b00c07dc217b56673"
  integrity sha512-xwII0//EObnq89Ji5AKYQaRYiW/nZ3llSv29d49IuxPhKbtJoLP+9QUUZ4nVragQVtaVGeZrpB+ZtG/Pdy/POw==
  dependencies:
    regenerator-runtime "^0.13.11"

"@faker-js/faker@^7.6.0":
  version "7.6.0"
  resolved "https://registry.yarnpkg.com/@faker-js/faker/-/faker-7.6.0.tgz#9ea331766084288634a9247fcd8b84f16ff4ba07"
  integrity sha512-XK6BTq1NDMo9Xqw/YkYyGjSsg44fbNwYRx7QK2CuoQgyy+f1rrTDHoExVM5PsyXCtfl2vs2vVJ0MN0yN6LppRw==

"@formatjs/ecma402-abstract@1.14.3":
  version "1.14.3"
  resolved "https://registry.yarnpkg.com/@formatjs/ecma402-abstract/-/ecma402-abstract-1.14.3.tgz#6428f243538a11126180d121ce8d4b2f17465738"
  integrity sha512-SlsbRC/RX+/zg4AApWIFNDdkLtFbkq3LNoZWXZCE/nHVKqoIJyaoQyge/I0Y38vLxowUn9KTtXgusLD91+orbg==
  dependencies:
    "@formatjs/intl-localematcher" "0.2.32"
    tslib "^2.4.0"

"@formatjs/fast-memoize@2.0.1":
  version "2.0.1"
  resolved "https://registry.yarnpkg.com/@formatjs/fast-memoize/-/fast-memoize-2.0.1.tgz#f15aaa73caad5562899c69bdcad8db82adcd3b0b"
  integrity sha512-M2GgV+qJn5WJQAYewz7q2Cdl6fobQa69S1AzSM2y0P68ZDbK5cWrJIcPCO395Of1ksftGZoOt4LYCO/j9BKBSA==
  dependencies:
    tslib "^2.4.0"

"@formatjs/icu-messageformat-parser@2.3.1":
  version "2.3.1"
  resolved "https://registry.yarnpkg.com/@formatjs/icu-messageformat-parser/-/icu-messageformat-parser-2.3.1.tgz#953080ea5c053bc73bdf55d0a524a3c3c133ae6b"
  integrity sha512-knF2AkAKN4Upv4oIiKY4Wd/dLH68TNMPgV/tJMu/T6FP9aQwbv8fpj7U3lkyniPaNVxvia56Gxax8MKOjtxLSQ==
  dependencies:
    "@formatjs/ecma402-abstract" "1.14.3"
    "@formatjs/icu-skeleton-parser" "1.3.18"
    tslib "^2.4.0"

"@formatjs/icu-skeleton-parser@1.3.18":
  version "1.3.18"
  resolved "https://registry.yarnpkg.com/@formatjs/icu-skeleton-parser/-/icu-skeleton-parser-1.3.18.tgz#7aed3d60e718c8ad6b0e64820be44daa1e29eeeb"
  integrity sha512-ND1ZkZfmLPcHjAH1sVpkpQxA+QYfOX3py3SjKWMUVGDow18gZ0WPqz3F+pJLYQMpS2LnnQ5zYR2jPVYTbRwMpg==
  dependencies:
    "@formatjs/ecma402-abstract" "1.14.3"
    tslib "^2.4.0"

"@formatjs/intl-displaynames@6.3.1":
  version "6.3.1"
  resolved "https://registry.yarnpkg.com/@formatjs/intl-displaynames/-/intl-displaynames-6.3.1.tgz#6dcea7cb801460e2a8fa63eb38c54aa1b24f92c0"
  integrity sha512-TlxguMDUbnFrJ4NA8fSyqXC62M7czvlRJ5mrJgtB91JVA+QPjjNdcRm1qPIC/DcU/pGUDcEzThn/x5A+jp15gg==
  dependencies:
    "@formatjs/ecma402-abstract" "1.14.3"
    "@formatjs/intl-localematcher" "0.2.32"
    tslib "^2.4.0"

"@formatjs/intl-listformat@7.2.1":
  version "7.2.1"
  resolved "https://registry.yarnpkg.com/@formatjs/intl-listformat/-/intl-listformat-7.2.1.tgz#874eddc7d53ba2e3fd911bf30efc459fc99f08db"
  integrity sha512-fRJFWLrGa7d25I4JSxNjKX29oXGcIXx8fJjgURnvs2C3ijS4gurUgFrUwLbv/2KfPfyJ5g567pz2INelNJZBdw==
  dependencies:
    "@formatjs/ecma402-abstract" "1.14.3"
    "@formatjs/intl-localematcher" "0.2.32"
    tslib "^2.4.0"

"@formatjs/intl-localematcher@0.2.32":
  version "0.2.32"
  resolved "https://registry.yarnpkg.com/@formatjs/intl-localematcher/-/intl-localematcher-0.2.32.tgz#00d4d307cd7d514b298e15a11a369b86c8933ec1"
  integrity sha512-k/MEBstff4sttohyEpXxCmC3MqbUn9VvHGlZ8fauLzkbwXmVrEeyzS+4uhrvAk9DWU9/7otYWxyDox4nT/KVLQ==
  dependencies:
    tslib "^2.4.0"

"@formatjs/intl@2.7.1":
  version "2.7.1"
  resolved "https://registry.yarnpkg.com/@formatjs/intl/-/intl-2.7.1.tgz#f7e052ff09e9fe019ad83d4139af0de40084a2ae"
  integrity sha512-se6vxidsN3PCmzqTsDd3YDT4IX9ZySPy39LYhF7x2ssNvlGMOuW3umkrIhKkXB7ZskqsJGY53LVCdiHsSwhGng==
  dependencies:
    "@formatjs/ecma402-abstract" "1.14.3"
    "@formatjs/fast-memoize" "2.0.1"
    "@formatjs/icu-messageformat-parser" "2.3.1"
    "@formatjs/intl-displaynames" "6.3.1"
    "@formatjs/intl-listformat" "7.2.1"
    intl-messageformat "10.3.4"
    tslib "^2.4.0"

"@logora/debate.icons@^0.0.1":
  version "0.0.1"
  resolved "https://node.bit.cloud/@logora/debate.icons/-/@logora-debate.icons-0.0.1.tgz#5d59c49c2a8a696723a11ddef7d259f733172e50"
  integrity sha1-XVnEnCqKaWcjoR3e99JZ9zMXLlA=
  dependencies:
    core-js "^3.0.0"

"@testing-library/dom@^8.0.0":
  version "8.20.0"
  resolved "https://registry.yarnpkg.com/@testing-library/dom/-/dom-8.20.0.tgz#914aa862cef0f5e89b98cc48e3445c4c921010f6"
  integrity sha512-d9ULIT+a4EXLX3UU8FBjauG9NnsZHkHztXoIcTsOKoOw030fyjheN9svkTULjJxtYag9DZz5Jz5qkWZDPxTFwA==
  dependencies:
    "@babel/code-frame" "^7.10.4"
    "@babel/runtime" "^7.12.5"
    "@types/aria-query" "^5.0.1"
    aria-query "^5.0.0"
    chalk "^4.1.0"
    dom-accessibility-api "^0.5.9"
    lz-string "^1.4.4"
    pretty-format "^27.0.2"

"@testing-library/dom@^9.2.0":
  version "9.2.0"
  resolved "https://registry.yarnpkg.com/@testing-library/dom/-/dom-9.2.0.tgz#0e1f45e956f2a16f471559c06edd8827c4832f04"
  integrity sha512-xTEnpUKiV/bMyEsE5bT4oYA0x0Z/colMtxzUY8bKyPXBNLn/e0V4ZjBZkEhms0xE4pv9QsPfSRu9AWS4y5wGvA==
  dependencies:
    "@babel/code-frame" "^7.10.4"
    "@babel/runtime" "^7.12.5"
    "@types/aria-query" "^5.0.1"
    aria-query "^5.0.0"
    chalk "^4.1.0"
    dom-accessibility-api "^0.5.9"
    lz-string "^1.5.0"
    pretty-format "^27.0.2"

"@testing-library/react@^12.1.4":
  version "12.1.5"
  resolved "https://registry.yarnpkg.com/@testing-library/react/-/react-12.1.5.tgz#bb248f72f02a5ac9d949dea07279095fa577963b"
  integrity sha512-OfTXCJUFgjd/digLUuPxa0+/3ZxsQmE7ub9kcbW/wi96Bh3o/p5vrETcBGfP17NWPGqeYYl5LTRpwyGoMC4ysg==
  dependencies:
    "@babel/runtime" "^7.12.5"
    "@testing-library/dom" "^8.0.0"
    "@types/react-dom" "<18.0.0"

"@testing-library/user-event@^12.1.4":
  version "12.8.3"
  resolved "https://registry.yarnpkg.com/@testing-library/user-event/-/user-event-12.8.3.tgz#1aa3ed4b9f79340a1e1836bc7f57c501e838704a"
  integrity sha512-IR0iWbFkgd56Bu5ZI/ej8yQwrkCv8Qydx6RzwbKz9faXazR/+5tvYKsZQgyXJiwgpcva127YO6JcWy7YlCfofQ==
  dependencies:
    "@babel/runtime" "^7.12.5"

"@types/aria-query@^5.0.1":
  version "5.0.1"
  resolved "https://registry.yarnpkg.com/@types/aria-query/-/aria-query-5.0.1.tgz#3286741fb8f1e1580ac28784add4c7a1d49bdfbc"
  integrity sha512-XTIieEY+gvJ39ChLcB4If5zHtPxt3Syj5rgZR+e1ctpmK8NjPf0zFqsz4JpLJT0xla9GFDKjy8Cpu331nrmE1Q==

"@types/hoist-non-react-statics@^3.3.1":
  version "3.3.1"
  resolved "https://registry.yarnpkg.com/@types/hoist-non-react-statics/-/hoist-non-react-statics-3.3.1.tgz#1124aafe5118cb591977aeb1ceaaed1070eb039f"
  integrity sha512-iMIqiko6ooLrTh1joXodJK5X9xeEALT1kM5G3ZLhD3hszxBdIEd5C75U834D9mLcINgD4OyZf5uQXjkuYydWvA==
  dependencies:
    "@types/react" "*"
    hoist-non-react-statics "^3.3.0"

"@types/prop-types@*":
  version "15.7.5"
  resolved "https://registry.yarnpkg.com/@types/prop-types/-/prop-types-15.7.5.tgz#5f19d2b85a98e9558036f6a3cacc8819420f05cf"
  integrity sha512-JCB8C6SnDoQf0cNycqd/35A7MjcnK+ZTqE7judS6o7utxUCg6imJg3QK2qzHKszlTjcj2cn+NwMB2i96ubpj7w==

"@types/react-dom@<18.0.0":
  version "17.0.19"
  resolved "https://registry.yarnpkg.com/@types/react-dom/-/react-dom-17.0.19.tgz#36feef3aa35d045cacd5ed60fe0eef5272f19492"
  integrity sha512-PiYG40pnQRdPHnlf7tZnp0aQ6q9tspYr72vD61saO6zFCybLfMqwUCN0va1/P+86DXn18ZWeW30Bk7xlC5eEAQ==
  dependencies:
    "@types/react" "^17"

"@types/react@*", "@types/react@16 || 17 || 18":
  version "18.0.38"
  resolved "https://registry.yarnpkg.com/@types/react/-/react-18.0.38.tgz#02a23bef8848b360a0d1dceef4432c15c21c600c"
  integrity sha512-ExsidLLSzYj4cvaQjGnQCk4HFfVT9+EZ9XZsQ8Hsrcn8QNgXtpZ3m9vSIC2MWtx7jHictK6wYhQgGh6ic58oOw==
  dependencies:
    "@types/prop-types" "*"
    "@types/scheduler" "*"
    csstype "^3.0.2"

"@types/react@^17":
  version "17.0.58"
  resolved "https://registry.yarnpkg.com/@types/react/-/react-17.0.58.tgz#c8bbc82114e5c29001548ebe8ed6c4ba4d3c9fb0"
  integrity sha512-c1GzVY97P0fGxwGxhYq989j4XwlcHQoto6wQISOC2v6wm3h0PORRWJFHlkRjfGsiG3y1609WdQ+J+tKxvrEd6A==
  dependencies:
    "@types/prop-types" "*"
    "@types/scheduler" "*"
    csstype "^3.0.2"

"@types/scheduler@*":
  version "0.16.3"
  resolved "https://registry.yarnpkg.com/@types/scheduler/-/scheduler-0.16.3.tgz#cef09e3ec9af1d63d2a6cc5b383a737e24e6dcf5"
  integrity sha512-5cJ8CB4yAx7BH1oMvdU0Jh9lrEXyPkar6F9G/ERswkCuvP4KQZfZkSjcMbAICCpQTN4OuZn8tz0HiKv9TGZgrQ==

ansi-regex@^5.0.1:
  version "5.0.1"
  resolved "https://registry.yarnpkg.com/ansi-regex/-/ansi-regex-5.0.1.tgz#082cb2c89c9fe8659a311a53bd6a4dc5301db304"
  integrity sha512-quJQXlTSUGL2LH9SUXo8VwsY4soanhgo6LNSm84E1LBcE8s3O0wpdiRzyR9z/ZZJMlMWv37qOOb9pdJlMUEKFQ==

ansi-styles@^3.2.1:
  version "3.2.1"
  resolved "https://registry.yarnpkg.com/ansi-styles/-/ansi-styles-3.2.1.tgz#41fbb20243e50b12be0f04b8dedbf07520ce841d"
  integrity sha512-VT0ZI6kZRdTh8YyJw3SMbYm/u+NqfsAxEpWO0Pf9sq8/e94WxxOpPKx9FR1FlyCtOVDNOQ+8ntlqFxiRc+r5qA==
  dependencies:
    color-convert "^1.9.0"

ansi-styles@^4.1.0:
  version "4.3.0"
  resolved "https://registry.yarnpkg.com/ansi-styles/-/ansi-styles-4.3.0.tgz#edd803628ae71c04c85ae7a0906edad34b648937"
  integrity sha512-zbB9rCJAT1rbjiVDb2hqKFHNYLxgtk8NURxZ3IZwD3F6NtxbXZQCnnSi1Lkx+IDohdPlFp222wVALIheZJQSEg==
  dependencies:
    color-convert "^2.0.1"

ansi-styles@^5.0.0:
  version "5.2.0"
  resolved "https://registry.yarnpkg.com/ansi-styles/-/ansi-styles-5.2.0.tgz#07449690ad45777d1924ac2abb2fc8895dba836b"
  integrity sha512-Cxwpt2SfTzTtXcfOlzGEee8O+c+MmUgGrNiBcXnuWxuFJHe6a5Hz7qwhwe5OgaSYI0IJvkLqWX1ASG+cJOkEiA==

are-passive-events-supported@^1.1.1:
  version "1.1.1"
  resolved "https://registry.yarnpkg.com/are-passive-events-supported/-/are-passive-events-supported-1.1.1.tgz#3db180a1753a2186a2de50a32cded3ac0979f5dc"
  integrity sha512-5wnvlvB/dTbfrCvJ027Y4L4gW/6Mwoy1uFSavney0YO++GU+0e/flnjiBBwH+1kh7xNCgCOGvmJC3s32joYbww==

aria-query@^5.0.0:
  version "5.1.3"
  resolved "https://registry.yarnpkg.com/aria-query/-/aria-query-5.1.3.tgz#19db27cd101152773631396f7a95a3b58c22c35e"
  integrity sha512-R5iJ5lkuHybztUfuOAznmboyjWq8O6sqNqtK7CLOqdydi54VNbORp49mb14KbWgG1QD3JFO9hJdZ+y4KutfdOQ==
  dependencies:
    deep-equal "^2.0.5"

available-typed-arrays@^1.0.5:
  version "1.0.5"
  resolved "https://registry.yarnpkg.com/available-typed-arrays/-/available-typed-arrays-1.0.5.tgz#92f95616501069d07d10edb2fc37d3e1c65123b7"
  integrity sha512-DMD0KiN46eipeziST1LPP/STfDU0sufISXmjSgvVsoU2tqxctQeASejWcfNtxYKqETM1UxQ8sp2OrSBWpHY6sw==

call-bind@^1.0.0, call-bind@^1.0.2:
  version "1.0.2"
  resolved "https://registry.yarnpkg.com/call-bind/-/call-bind-1.0.2.tgz#b1d4e89e688119c3c9a903ad30abb2f6a919be3c"
  integrity sha512-7O+FbCihrB5WGbFYesctwmTKae6rOiIzmz1icreWJ+0aA7LJfuqhEso2T9ncpcFtzMQtzXf2QGGueWJGTYsqrA==
  dependencies:
    function-bind "^1.1.1"
    get-intrinsic "^1.0.2"

chalk@^2.0.0:
  version "2.4.2"
  resolved "https://registry.yarnpkg.com/chalk/-/chalk-2.4.2.tgz#cd42541677a54333cf541a49108c1432b44c9424"
  integrity sha512-Mti+f9lpJNcwF4tWV8/OrTTtF1gZi+f8FqlyAdouralcFWFQWF2+NgCHShjkCb+IFBLq9buZwE1xckQU4peSuQ==
  dependencies:
    ansi-styles "^3.2.1"
    escape-string-regexp "^1.0.5"
    supports-color "^5.3.0"

chalk@^4.1.0:
  version "4.1.2"
  resolved "https://registry.yarnpkg.com/chalk/-/chalk-4.1.2.tgz#aac4e2b7734a740867aeb16bf02aad556a1e7a01"
  integrity sha512-oKnbhFyRIXpUuez8iBMmyEa4nbj4IOQyuhc/wy9kY7/WVPcwIO9VA668Pu8RkO7+0G76SLROeyw9CpQ061i4mA==
  dependencies:
    ansi-styles "^4.1.0"
    supports-color "^7.1.0"

classnames@^2.3.2:
  version "2.3.2"
  resolved "https://registry.yarnpkg.com/classnames/-/classnames-2.3.2.tgz#351d813bf0137fcc6a76a16b88208d2560a0d924"
  integrity sha512-CSbhY4cFEJRe6/GQzIk5qXZ4Jeg5pcsP7b5peFSDpffpe1cqjASH/n9UTjBwOp6XpMSTwQ8Za2K5V02ueA7Tmw==

color-convert@^1.9.0:
  version "1.9.3"
  resolved "https://registry.yarnpkg.com/color-convert/-/color-convert-1.9.3.tgz#bb71850690e1f136567de629d2d5471deda4c1e8"
  integrity sha512-QfAUtd+vFdAtFQcC8CCyYt1fYWxSqAiK2cSD6zDB8N3cpsEBAvRxp9zOGg6G/SHHJYAT88/az/IuDGALsNVbGg==
  dependencies:
    color-name "1.1.3"

color-convert@^2.0.1:
  version "2.0.1"
  resolved "https://registry.yarnpkg.com/color-convert/-/color-convert-2.0.1.tgz#72d3a68d598c9bdb3af2ad1e84f21d896abd4de3"
  integrity sha512-RRECPsj7iu/xb5oKYcsFHSppFNnsj/52OVTRKb4zP5onXwVF3zVmmToNcOfGC+CRDpfK/U584fMg38ZHCaElKQ==
  dependencies:
    color-name "~1.1.4"

color-name@1.1.3:
  version "1.1.3"
  resolved "https://registry.yarnpkg.com/color-name/-/color-name-1.1.3.tgz#a7d0558bd89c42f795dd42328f740831ca53bc25"
  integrity sha512-72fSenhMw2HZMTVHeCA9KCmpEIbzWiQsjN+BHcBbS9vr1mtt+vJjPdksIBNUmKAW8TFUDPJK5SUU3QhE9NEXDw==

color-name@~1.1.4:
  version "1.1.4"
  resolved "https://registry.yarnpkg.com/color-name/-/color-name-1.1.4.tgz#c2a09a87acbde69543de6f63fa3995c826c536a2"
  integrity sha512-dOy+3AuW3a2wNbZHIuMZpTcgjGuLU/uBL/ubcZF9OXbDo8ff4O8yVp5Bf0efS8uEoYo5q4Fx7dY9OgQGXgAsQA==

core-js@^3.0.0:
  version "3.30.1"
  resolved "https://registry.yarnpkg.com/core-js/-/core-js-3.30.1.tgz#fc9c5adcc541d8e9fa3e381179433cbf795628ba"
  integrity sha512-ZNS5nbiSwDTq4hFosEDqm65izl2CWmLz0hARJMyNQBgkUZMIF51cQiMvIQKA6hvuaeWxQDP3hEedM1JZIgTldQ==

csstype@^3.0.2:
  version "3.1.2"
  resolved "https://registry.yarnpkg.com/csstype/-/csstype-3.1.2.tgz#1d4bf9d572f11c14031f0436e1c10bc1f571f50b"
  integrity sha512-I7K1Uu0MBPzaFKg4nI5Q7Vs2t+3gWWW648spaF+Rg7pI9ds18Ugn+lvg4SHczUdKlHI5LWBXyqfS8+DufyBsgQ==

deep-equal@^2.0.5:
  version "2.2.0"
  resolved "https://registry.yarnpkg.com/deep-equal/-/deep-equal-2.2.0.tgz#5caeace9c781028b9ff459f33b779346637c43e6"
  integrity sha512-RdpzE0Hv4lhowpIUKKMJfeH6C1pXdtT1/it80ubgWqwI3qpuxUBpC1S4hnHg+zjnuOoDkzUtUCEEkG+XG5l3Mw==
  dependencies:
    call-bind "^1.0.2"
    es-get-iterator "^1.1.2"
    get-intrinsic "^1.1.3"
    is-arguments "^1.1.1"
    is-array-buffer "^3.0.1"
    is-date-object "^1.0.5"
    is-regex "^1.1.4"
    is-shared-array-buffer "^1.0.2"
    isarray "^2.0.5"
    object-is "^1.1.5"
    object-keys "^1.1.1"
    object.assign "^4.1.4"
    regexp.prototype.flags "^1.4.3"
    side-channel "^1.0.4"
    which-boxed-primitive "^1.0.2"
    which-collection "^1.0.1"
    which-typed-array "^1.1.9"

define-properties@^1.1.3, define-properties@^1.1.4, define-properties@^1.2.0:
  version "1.2.0"
  resolved "https://registry.yarnpkg.com/define-properties/-/define-properties-1.2.0.tgz#52988570670c9eacedd8064f4a990f2405849bd5"
  integrity sha512-xvqAVKGfT1+UAvPwKTVw/njhdQ8ZhXK4lI0bCIuCMrp2up9nPnaDftrLtmpTazqd1o+UY4zgzU+avtMbDP+ldA==
  dependencies:
    has-property-descriptors "^1.0.0"
    object-keys "^1.1.1"

dom-accessibility-api@^0.5.9:
  version "0.5.16"
  resolved "https://registry.yarnpkg.com/dom-accessibility-api/-/dom-accessibility-api-0.5.16.tgz#5a7429e6066eb3664d911e33fb0e45de8eb08453"
  integrity sha512-X7BJ2yElsnOJ30pZF4uIIDfBEVgF4XEBxL9Bxhy6dnrm5hkzqmsWHGTiHqRiITNhMyFLyAiWndIJP7Z1NTteDg==

es-get-iterator@^1.1.2:
  version "1.1.3"
  resolved "https://registry.yarnpkg.com/es-get-iterator/-/es-get-iterator-1.1.3.tgz#3ef87523c5d464d41084b2c3c9c214f1199763d6"
  integrity sha512-sPZmqHBe6JIiTfN5q2pEi//TwxmAFHwj/XEuYjTuse78i8KxaqMTTzxPoFKuzRpDpTJ+0NAbpfenkmH2rePtuw==
  dependencies:
    call-bind "^1.0.2"
    get-intrinsic "^1.1.3"
    has-symbols "^1.0.3"
    is-arguments "^1.1.1"
    is-map "^2.0.2"
    is-set "^2.0.2"
    is-string "^1.0.7"
    isarray "^2.0.5"
    stop-iteration-iterator "^1.0.0"

escape-string-regexp@^1.0.5:
  version "1.0.5"
  resolved "https://registry.yarnpkg.com/escape-string-regexp/-/escape-string-regexp-1.0.5.tgz#1b61c0562190a8dff6ae3bb2cf0200ca130b86d4"
  integrity sha512-vbRorB5FUQWvla16U8R/qgaFIya2qGzwDrNmCZuYKrbdSUMG6I1ZCGQRefkRVhuOkIGVne7BQ35DSfo1qvJqFg==

for-each@^0.3.3:
  version "0.3.3"
  resolved "https://registry.yarnpkg.com/for-each/-/for-each-0.3.3.tgz#69b447e88a0a5d32c3e7084f3f1710034b21376e"
  integrity sha512-jqYfLp7mo9vIyQf8ykW2v7A+2N4QjeCeI5+Dz9XraiO1ign81wjiH7Fb9vSOWvQfNtmSa4H2RoQTrrXivdUZmw==
  dependencies:
    is-callable "^1.1.3"

function-bind@^1.1.1:
  version "1.1.1"
  resolved "https://registry.yarnpkg.com/function-bind/-/function-bind-1.1.1.tgz#a56899d3ea3c9bab874bb9773b7c5ede92f4895d"
  integrity sha512-yIovAzMX49sF8Yl58fSCWJ5svSLuaibPxXQJFLmBObTuCr0Mf1KiPopGM9NiFjiYBCbfaa2Fh6breQ6ANVTI0A==

functions-have-names@^1.2.3:
  version "1.2.3"
  resolved "https://registry.yarnpkg.com/functions-have-names/-/functions-have-names-1.2.3.tgz#0404fe4ee2ba2f607f0e0ec3c80bae994133b834"
  integrity sha512-xckBUXyTIqT97tq2x2AMb+g163b5JFysYk0x4qxNFwbfQkmNZoiRHb6sPzI9/QV33WeuvVYBUIiD4NzNIyqaRQ==

get-intrinsic@^1.0.2, get-intrinsic@^1.1.1, get-intrinsic@^1.1.3, get-intrinsic@^1.2.0:
  version "1.2.0"
  resolved "https://registry.yarnpkg.com/get-intrinsic/-/get-intrinsic-1.2.0.tgz#7ad1dc0535f3a2904bba075772763e5051f6d05f"
  integrity sha512-L049y6nFOuom5wGyRc3/gdTLO94dySVKRACj1RmJZBQXlbTMhtNIgkWkUHq+jYmZvKf14EW1EoJnnjbmoHij0Q==
  dependencies:
    function-bind "^1.1.1"
    has "^1.0.3"
    has-symbols "^1.0.3"

gopd@^1.0.1:
  version "1.0.1"
  resolved "https://registry.yarnpkg.com/gopd/-/gopd-1.0.1.tgz#29ff76de69dac7489b7c0918a5788e56477c332c"
  integrity sha512-d65bNlIadxvpb/A2abVdlqKqV563juRnZ1Wtk6s1sIR8uNsXR70xqIzVqxVf1eTqDunwT2MkczEeaezCKTZhwA==
  dependencies:
    get-intrinsic "^1.1.3"

has-bigints@^1.0.1:
  version "1.0.2"
  resolved "https://registry.yarnpkg.com/has-bigints/-/has-bigints-1.0.2.tgz#0871bd3e3d51626f6ca0966668ba35d5602d6eaa"
  integrity sha512-tSvCKtBr9lkF0Ex0aQiP9N+OpV4zi2r/Nee5VkRDbaqv35RLYMzbwQfFSZZH0kR+Rd6302UJZ2p/bJCEoR3VoQ==

has-flag@^3.0.0:
  version "3.0.0"
  resolved "https://registry.yarnpkg.com/has-flag/-/has-flag-3.0.0.tgz#b5d454dc2199ae225699f3467e5a07f3b955bafd"
  integrity sha512-sKJf1+ceQBr4SMkvQnBDNDtf4TXpVhVGateu0t918bl30FnbE2m4vNLX+VWe/dpjlb+HugGYzW7uQXH98HPEYw==

has-flag@^4.0.0:
  version "4.0.0"
  resolved "https://registry.yarnpkg.com/has-flag/-/has-flag-4.0.0.tgz#944771fd9c81c81265c4d6941860da06bb59479b"
  integrity sha512-EykJT/Q1KjTWctppgIAgfSO0tKVuZUjhgMr17kqTumMl6Afv3EISleU7qZUzoXDFTAHTDC4NOoG/ZxU3EvlMPQ==

has-property-descriptors@^1.0.0:
  version "1.0.0"
  resolved "https://registry.yarnpkg.com/has-property-descriptors/-/has-property-descriptors-1.0.0.tgz#610708600606d36961ed04c196193b6a607fa861"
  integrity sha512-62DVLZGoiEBDHQyqG4w9xCuZ7eJEwNmJRWw2VY84Oedb7WFcA27fiEVe8oUQx9hAUJ4ekurquucTGwsyO1XGdQ==
  dependencies:
    get-intrinsic "^1.1.1"

has-symbols@^1.0.2, has-symbols@^1.0.3:
  version "1.0.3"
  resolved "https://registry.yarnpkg.com/has-symbols/-/has-symbols-1.0.3.tgz#bb7b2c4349251dce87b125f7bdf874aa7c8b39f8"
  integrity sha512-l3LCuF6MgDNwTDKkdYGEihYjt5pRPbEg46rtlmnSPlUbgmB8LOIrKJbYYFBSbnPaJexMKtiPO8hmeRjRz2Td+A==

has-tostringtag@^1.0.0:
  version "1.0.0"
  resolved "https://registry.yarnpkg.com/has-tostringtag/-/has-tostringtag-1.0.0.tgz#7e133818a7d394734f941e73c3d3f9291e658b25"
  integrity sha512-kFjcSNhnlGV1kyoGk7OXKSawH5JOb/LzUc5w9B02hOTO0dfFRjbHQKvg1d6cf3HbeUmtU9VbbV3qzZ2Teh97WQ==
  dependencies:
    has-symbols "^1.0.2"

has@^1.0.3:
  version "1.0.3"
  resolved "https://registry.yarnpkg.com/has/-/has-1.0.3.tgz#722d7cbfc1f6aa8241f16dd814e011e1f41e8796"
  integrity sha512-f2dvO0VU6Oej7RkWJGrehjbzMAjFp5/VKPp5tTpWIV4JHHZK1/BxbFRtf/siA2SWTe09caDmVtYYzWEIbBS4zw==
  dependencies:
    function-bind "^1.1.1"

history@^4.9.0:
  version "4.10.1"
  resolved "https://registry.yarnpkg.com/history/-/history-4.10.1.tgz#33371a65e3a83b267434e2b3f3b1b4c58aad4cf3"
  integrity sha512-36nwAD620w12kuzPAsyINPWJqlNbij+hpK1k9XRloDtym8mxzGYl2c17LnV6IAGB2Dmg4tEa7G7DlawS0+qjew==
  dependencies:
    "@babel/runtime" "^7.1.2"
    loose-envify "^1.2.0"
    resolve-pathname "^3.0.0"
    tiny-invariant "^1.0.2"
    tiny-warning "^1.0.0"
    value-equal "^1.0.1"

hoist-non-react-statics@^3.1.0, hoist-non-react-statics@^3.3.0, hoist-non-react-statics@^3.3.2:
  version "3.3.2"
  resolved "https://registry.yarnpkg.com/hoist-non-react-statics/-/hoist-non-react-statics-3.3.2.tgz#ece0acaf71d62c2969c2ec59feff42a4b1a85b45"
  integrity sha512-/gGivxi8JPKWNm/W0jSmzcMPpfpPLc3dY/6GxhX2hQ9iGj3aDfklV4ET7NjKpSinLpJ5vafa9iiGIEZg10SfBw==
  dependencies:
    react-is "^16.7.0"

internal-slot@^1.0.4:
  version "1.0.5"
  resolved "https://registry.yarnpkg.com/internal-slot/-/internal-slot-1.0.5.tgz#f2a2ee21f668f8627a4667f309dc0f4fb6674986"
  integrity sha512-Y+R5hJrzs52QCG2laLn4udYVnxsfny9CpOhNhUvk/SSSVyF6T27FzRbF0sroPidSu3X8oEAkOn2K804mjpt6UQ==
  dependencies:
    get-intrinsic "^1.2.0"
    has "^1.0.3"
    side-channel "^1.0.4"

intl-messageformat@10.3.4:
  version "10.3.4"
  resolved "https://registry.yarnpkg.com/intl-messageformat/-/intl-messageformat-10.3.4.tgz#20f064c28b46fa6d352a4c4ba5e9bfc597af3eba"
  integrity sha512-/FxUIrlbPtuykSNX85CB5sp2FjLVeTmdD7TfRkVFPft2n4FgcSlAcilFytYiFAEmPHc+0PvpLCIPXeaGFzIvOg==
  dependencies:
    "@formatjs/ecma402-abstract" "1.14.3"
    "@formatjs/fast-memoize" "2.0.1"
    "@formatjs/icu-messageformat-parser" "2.3.1"
    tslib "^2.4.0"

is-arguments@^1.1.1:
  version "1.1.1"
  resolved "https://registry.yarnpkg.com/is-arguments/-/is-arguments-1.1.1.tgz#15b3f88fda01f2a97fec84ca761a560f123efa9b"
  integrity sha512-8Q7EARjzEnKpt/PCD7e1cgUS0a6X8u5tdSiMqXhojOdoV9TsMsiO+9VLC5vAmO8N7/GmXn7yjR8qnA6bVAEzfA==
  dependencies:
    call-bind "^1.0.2"
    has-tostringtag "^1.0.0"

is-array-buffer@^3.0.1:
  version "3.0.2"
  resolved "https://registry.yarnpkg.com/is-array-buffer/-/is-array-buffer-3.0.2.tgz#f2653ced8412081638ecb0ebbd0c41c6e0aecbbe"
  integrity sha512-y+FyyR/w8vfIRq4eQcM1EYgSTnmHXPqaF+IgzgraytCFq5Xh8lllDVmAZolPJiZttZLeFSINPYMaEJ7/vWUa1w==
  dependencies:
    call-bind "^1.0.2"
    get-intrinsic "^1.2.0"
    is-typed-array "^1.1.10"

is-bigint@^1.0.1:
  version "1.0.4"
  resolved "https://registry.yarnpkg.com/is-bigint/-/is-bigint-1.0.4.tgz#08147a1875bc2b32005d41ccd8291dffc6691df3"
  integrity sha512-zB9CruMamjym81i2JZ3UMn54PKGsQzsJeo6xvN3HJJ4CAsQNB6iRutp2To77OfCNuoxspsIhzaPoO1zyCEhFOg==
  dependencies:
    has-bigints "^1.0.1"

is-boolean-object@^1.1.0:
  version "1.1.2"
  resolved "https://registry.yarnpkg.com/is-boolean-object/-/is-boolean-object-1.1.2.tgz#5c6dc200246dd9321ae4b885a114bb1f75f63719"
  integrity sha512-gDYaKHJmnj4aWxyj6YHyXVpdQawtVLHU5cb+eztPGczf6cjuTdwve5ZIEfgXqH4e57An1D1AKf8CZ3kYrQRqYA==
  dependencies:
    call-bind "^1.0.2"
    has-tostringtag "^1.0.0"

is-callable@^1.1.3:
  version "1.2.7"
  resolved "https://registry.yarnpkg.com/is-callable/-/is-callable-1.2.7.tgz#3bc2a85ea742d9e36205dcacdd72ca1fdc51b055"
  integrity sha512-1BC0BVFhS/p0qtw6enp8e+8OD0UrK0oFLztSjNzhcKA3WDuJxxAPXzPuPtKkjEY9UUoEWlX/8fgKeu2S8i9JTA==

is-date-object@^1.0.5:
  version "1.0.5"
  resolved "https://registry.yarnpkg.com/is-date-object/-/is-date-object-1.0.5.tgz#0841d5536e724c25597bf6ea62e1bd38298df31f"
  integrity sha512-9YQaSxsAiSwcvS33MBk3wTCVnWK+HhF8VZR2jRxehM16QcVOdHqPn4VPHmRK4lSr38n9JriurInLcP90xsYNfQ==
  dependencies:
    has-tostringtag "^1.0.0"

is-map@^2.0.1, is-map@^2.0.2:
  version "2.0.2"
  resolved "https://registry.yarnpkg.com/is-map/-/is-map-2.0.2.tgz#00922db8c9bf73e81b7a335827bc2a43f2b91127"
  integrity sha512-cOZFQQozTha1f4MxLFzlgKYPTyj26picdZTx82hbc/Xf4K/tZOOXSCkMvU4pKioRXGDLJRn0GM7Upe7kR721yg==

is-number-object@^1.0.4:
  version "1.0.7"
  resolved "https://registry.yarnpkg.com/is-number-object/-/is-number-object-1.0.7.tgz#59d50ada4c45251784e9904f5246c742f07a42fc"
  integrity sha512-k1U0IRzLMo7ZlYIfzRu23Oh6MiIFasgpb9X76eqfFZAqwH44UI4KTBvBYIZ1dSL9ZzChTB9ShHfLkR4pdW5krQ==
  dependencies:
    has-tostringtag "^1.0.0"

is-regex@^1.1.4:
  version "1.1.4"
  resolved "https://registry.yarnpkg.com/is-regex/-/is-regex-1.1.4.tgz#eef5663cd59fa4c0ae339505323df6854bb15958"
  integrity sha512-kvRdxDsxZjhzUX07ZnLydzS1TU/TJlTUHHY4YLL87e37oUA49DfkLqgy+VjFocowy29cKvcSiu+kIv728jTTVg==
  dependencies:
    call-bind "^1.0.2"
    has-tostringtag "^1.0.0"

is-set@^2.0.1, is-set@^2.0.2:
  version "2.0.2"
  resolved "https://registry.yarnpkg.com/is-set/-/is-set-2.0.2.tgz#90755fa4c2562dc1c5d4024760d6119b94ca18ec"
  integrity sha512-+2cnTEZeY5z/iXGbLhPrOAaK/Mau5k5eXq9j14CpRTftq0pAJu2MwVRSZhyZWBzx3o6X795Lz6Bpb6R0GKf37g==

is-shared-array-buffer@^1.0.2:
  version "1.0.2"
  resolved "https://registry.yarnpkg.com/is-shared-array-buffer/-/is-shared-array-buffer-1.0.2.tgz#8f259c573b60b6a32d4058a1a07430c0a7344c79"
  integrity sha512-sqN2UDu1/0y6uvXyStCOzyhAjCSlHceFoMKJW8W9EU9cvic/QdsZ0kEU93HEy3IUEFZIiH/3w+AH/UQbPHNdhA==
  dependencies:
    call-bind "^1.0.2"

is-string@^1.0.5, is-string@^1.0.7:
  version "1.0.7"
  resolved "https://registry.yarnpkg.com/is-string/-/is-string-1.0.7.tgz#0dd12bf2006f255bb58f695110eff7491eebc0fd"
  integrity sha512-tE2UXzivje6ofPW7l23cjDOMa09gb7xlAqG6jG5ej6uPV32TlWP3NKPigtaGeHNu9fohccRYvIiZMfOOnOYUtg==
  dependencies:
    has-tostringtag "^1.0.0"

is-symbol@^1.0.3:
  version "1.0.4"
  resolved "https://registry.yarnpkg.com/is-symbol/-/is-symbol-1.0.4.tgz#a6dac93b635b063ca6872236de88910a57af139c"
  integrity sha512-C/CPBqKWnvdcxqIARxyOh4v1UUEOCHpgDa0WYgpKDFMszcrPcffg5uhwSgPCLD2WWxmq6isisz87tzT01tuGhg==
  dependencies:
    has-symbols "^1.0.2"

is-typed-array@^1.1.10:
  version "1.1.10"
  resolved "https://registry.yarnpkg.com/is-typed-array/-/is-typed-array-1.1.10.tgz#36a5b5cb4189b575d1a3e4b08536bfb485801e3f"
  integrity sha512-PJqgEHiWZvMpaFZ3uTc8kHPM4+4ADTlDniuQL7cU/UDA0Ql7F70yGfHph3cLNe+c9toaigv+DFzTJKhc2CtO6A==
  dependencies:
    available-typed-arrays "^1.0.5"
    call-bind "^1.0.2"
    for-each "^0.3.3"
    gopd "^1.0.1"
    has-tostringtag "^1.0.0"

is-weakmap@^2.0.1:
  version "2.0.1"
  resolved "https://registry.yarnpkg.com/is-weakmap/-/is-weakmap-2.0.1.tgz#5008b59bdc43b698201d18f62b37b2ca243e8cf2"
  integrity sha512-NSBR4kH5oVj1Uwvv970ruUkCV7O1mzgVFO4/rev2cLRda9Tm9HrL70ZPut4rOHgY0FNrUu9BCbXA2sdQ+x0chA==

is-weakset@^2.0.1:
  version "2.0.2"
  resolved "https://registry.yarnpkg.com/is-weakset/-/is-weakset-2.0.2.tgz#4569d67a747a1ce5a994dfd4ef6dcea76e7c0a1d"
  integrity sha512-t2yVvttHkQktwnNNmBQ98AhENLdPUTDTE21uPqAQ0ARwQfGeQKRVS0NNurH7bTf7RrvcVn1OOge45CnBeHCSmg==
  dependencies:
    call-bind "^1.0.2"
    get-intrinsic "^1.1.1"

isarray@0.0.1:
  version "0.0.1"
  resolved "https://registry.yarnpkg.com/isarray/-/isarray-0.0.1.tgz#8a18acfca9a8f4177e09abfc6038939b05d1eedf"
  integrity sha512-D2S+3GLxWH+uhrNEcoh/fnmYeP8E8/zHl644d/jdA0g2uyXvy3sb0qxotE+ne0LtccHknQzWwZEzhak7oJ0COQ==

isarray@^2.0.5:
  version "2.0.5"
  resolved "https://registry.yarnpkg.com/isarray/-/isarray-2.0.5.tgz#8af1e4c1221244cc62459faf38940d4e644a5723"
  integrity sha512-xHjhDr3cNBK0BzdUJSPXZntQUx/mwMS5Rw4A7lPJ90XGAO6ISP/ePDNuo0vhqOZU+UD5JoodwCAAoZQd3FeAKw==

"js-tokens@^3.0.0 || ^4.0.0", js-tokens@^4.0.0:
  version "4.0.0"
  resolved "https://registry.yarnpkg.com/js-tokens/-/js-tokens-4.0.0.tgz#19203fb59991df98e3a287050d4647cdeaf32499"
  integrity sha512-RdJUflcE3cUzKiMqQgsCu06FPu9UdIJO0beYbPhHN4k6apgJtifcoCtT9bcxOpYBtpD2kCM6Sbzg4CausW/PKQ==

loose-envify@^1.2.0, loose-envify@^1.3.1, loose-envify@^1.4.0:
  version "1.4.0"
  resolved "https://registry.yarnpkg.com/loose-envify/-/loose-envify-1.4.0.tgz#71ee51fa7be4caec1a63839f7e682d8132d30caf"
  integrity sha512-lyuxPGr/Wfhrlem2CL/UcnUc1zcqKAImBDzukY7Y5F/yQiNdko6+fRLevlw1HgMySw7f611UIY408EtxRSoK3Q==
  dependencies:
    js-tokens "^3.0.0 || ^4.0.0"

lz-string@^1.4.4, lz-string@^1.5.0:
  version "1.5.0"
  resolved "https://registry.yarnpkg.com/lz-string/-/lz-string-1.5.0.tgz#c1ab50f77887b712621201ba9fd4e3a6ed099941"
  integrity sha512-h5bgJWpxJNswbU7qCrV0tIKQCaS3blPDrqKWx+QxzuzL1zGUzij9XCWLrSLsJPu5t+eWA/ycetzYAO5IOMcWAQ==

object-assign@^4.1.1:
  version "4.1.1"
  resolved "https://registry.yarnpkg.com/object-assign/-/object-assign-4.1.1.tgz#2109adc7965887cfc05cbbd442cac8bfbb360863"
  integrity sha512-rJgTQnkUnH1sFw8yT6VSU3zD3sWmu6sZhIseY8VX+GRu3P6F7Fu+JNDoXfklElbLJSnc3FUQHVe4cU5hj+BcUg==

object-inspect@^1.9.0:
  version "1.12.3"
  resolved "https://registry.yarnpkg.com/object-inspect/-/object-inspect-1.12.3.tgz#ba62dffd67ee256c8c086dfae69e016cd1f198b9"
  integrity sha512-geUvdk7c+eizMNUDkRpW1wJwgfOiOeHbxBR/hLXK1aT6zmVSO0jsQcs7fj6MGw89jC/cjGfLcNOrtMYtGqm81g==

object-is@^1.1.5:
  version "1.1.5"
  resolved "https://registry.yarnpkg.com/object-is/-/object-is-1.1.5.tgz#b9deeaa5fc7f1846a0faecdceec138e5778f53ac"
  integrity sha512-3cyDsyHgtmi7I7DfSSI2LDp6SK2lwvtbg0p0R1e0RvTqF5ceGx+K2dfSjm1bKDMVCFEDAQvy+o8c6a7VujOddw==
  dependencies:
    call-bind "^1.0.2"
    define-properties "^1.1.3"

object-keys@^1.1.1:
  version "1.1.1"
  resolved "https://registry.yarnpkg.com/object-keys/-/object-keys-1.1.1.tgz#1c47f272df277f3b1daf061677d9c82e2322c60e"
  integrity sha512-NuAESUOUMrlIXOfHKzD6bpPu3tYt3xvjNdRIQ+FeT0lNb4K8WR70CaDxhuNguS2XG+GjkyMwOzsN5ZktImfhLA==

object.assign@^4.1.4:
  version "4.1.4"
  resolved "https://registry.yarnpkg.com/object.assign/-/object.assign-4.1.4.tgz#9673c7c7c351ab8c4d0b516f4343ebf4dfb7799f"
  integrity sha512-1mxKf0e58bvyjSCtKYY4sRe9itRk3PJpquJOjeIkz885CczcI4IvJJDLPS72oowuSh+pBxUFROpX+TU++hxhZQ==
  dependencies:
    call-bind "^1.0.2"
    define-properties "^1.1.4"
    has-symbols "^1.0.3"
    object-keys "^1.1.1"

path-to-regexp@^1.7.0:
  version "1.8.0"
  resolved "https://registry.yarnpkg.com/path-to-regexp/-/path-to-regexp-1.8.0.tgz#887b3ba9d84393e87a0a0b9f4cb756198b53548a"
  integrity sha512-n43JRhlUKUAlibEJhPeir1ncUID16QnEjNpwzNdO3Lm4ywrBpBZ5oLD0I6br9evr1Y9JTqwRtAh7JLoOzAQdVA==
  dependencies:
    isarray "0.0.1"

pretty-format@^27.0.2:
  version "27.5.1"
  resolved "https://registry.yarnpkg.com/pretty-format/-/pretty-format-27.5.1.tgz#2181879fdea51a7a5851fb39d920faa63f01d88e"
  integrity sha512-Qb1gy5OrP5+zDf2Bvnzdl3jsTf1qXVMazbvCoKhtKqVs4/YK4ozX4gKQJJVyNe+cajNPn0KoC0MC3FUmaHWEmQ==
  dependencies:
    ansi-regex "^5.0.1"
    ansi-styles "^5.0.0"
    react-is "^17.0.1"

prop-types@^15.6.2, prop-types@^15.8.1:
  version "15.8.1"
  resolved "https://registry.yarnpkg.com/prop-types/-/prop-types-15.8.1.tgz#67d87bf1a694f48435cf332c24af10214a3140b5"
  integrity sha512-oj87CgZICdulUohogVAR7AjlC0327U4el4L6eAvOqCeudMDVU0NThNaV+b9Df4dXgSP1gXMTnPdhfe/2qDH5cg==
  dependencies:
    loose-envify "^1.4.0"
    object-assign "^4.1.1"
    react-is "^16.13.1"

react-intl@^6.1.2:
  version "6.4.1"
  resolved "https://registry.yarnpkg.com/react-intl/-/react-intl-6.4.1.tgz#01e4bd5497cb93d87146e966d8eda25851d4d9b6"
  integrity sha512-/aT5595AEMZ+Pjmt8W2R5/ZkYJmyyd6jTzHzqhJ1LnfeG36+N5huBtykxYhHqLc1BrIRQ1fTX1orYC0Ej5ojtg==
  dependencies:
    "@formatjs/ecma402-abstract" "1.14.3"
    "@formatjs/icu-messageformat-parser" "2.3.1"
    "@formatjs/intl" "2.7.1"
    "@formatjs/intl-displaynames" "6.3.1"
    "@formatjs/intl-listformat" "7.2.1"
    "@types/hoist-non-react-statics" "^3.3.1"
    "@types/react" "16 || 17 || 18"
    hoist-non-react-statics "^3.3.2"
    intl-messageformat "10.3.4"
    tslib "^2.4.0"

react-is@^16.13.1, react-is@^16.6.0, react-is@^16.7.0:
  version "16.13.1"
  resolved "https://registry.yarnpkg.com/react-is/-/react-is-16.13.1.tgz#789729a4dc36de2999dc156dd6c1d9c18cea56a4"
  integrity sha512-24e6ynE2H+OKt4kqsOvNd8kBpV65zoxbA4BVsEOB3ARVWQki/DHzaUoC5KuON/BiccDaCCTZBuOcfZs70kR8bQ==

react-is@^17.0.1:
  version "17.0.2"
  resolved "https://registry.yarnpkg.com/react-is/-/react-is-17.0.2.tgz#e691d4a8e9c789365655539ab372762b0efb54f0"
  integrity sha512-w2GsyukL62IJnlaff/nRegPQR94C/XXamvMWmSHRJ4y7Ts/4ocGRmTHvOs8PSE6pB3dWOrD/nueuU5sduBsQ4w==

react-loading-skeleton@^3.0.2:
  version "3.2.1"
  resolved "https://registry.yarnpkg.com/react-loading-skeleton/-/react-loading-skeleton-3.2.1.tgz#9c187bb90541a4736df95c4469776e7ce5a2de11"
  integrity sha512-e1KwEOuBa1REXWoseELIJXlsqWTCHL5IQnqhVhI33WmnuTK7LK1DXl4mmcOLsWVcwqXeOATU9VFJEjz2ytZSng==

react-router-dom@^5.3.4:
  version "5.3.4"
  resolved "https://registry.yarnpkg.com/react-router-dom/-/react-router-dom-5.3.4.tgz#2ed62ffd88cae6db134445f4a0c0ae8b91d2e5e6"
  integrity sha512-m4EqFMHv/Ih4kpcBCONHbkT68KoAeHN4p3lAGoNryfHi0dMy0kCzEZakiKRsvg5wHZ/JLrLW8o8KomWiz/qbYQ==
  dependencies:
    "@babel/runtime" "^7.12.13"
    history "^4.9.0"
    loose-envify "^1.3.1"
    prop-types "^15.6.2"
    react-router "5.3.4"
    tiny-invariant "^1.0.2"
    tiny-warning "^1.0.0"

react-router@5.3.4, react-router@^5.3.4:
  version "5.3.4"
  resolved "https://registry.yarnpkg.com/react-router/-/react-router-5.3.4.tgz#8ca252d70fcc37841e31473c7a151cf777887bb5"
  integrity sha512-Ys9K+ppnJah3QuaRiLxk+jDWOR1MekYQrlytiXxC1RyfbdsZkS5pvKAzCCr031xHixZwpnsYNT5xysdFHQaYsA==
  dependencies:
    "@babel/runtime" "^7.12.13"
    history "^4.9.0"
    hoist-non-react-statics "^3.1.0"
    loose-envify "^1.3.1"
    path-to-regexp "^1.7.0"
    prop-types "^15.6.2"
    react-is "^16.6.0"
    tiny-invariant "^1.0.2"
    tiny-warning "^1.0.0"

regenerator-runtime@^0.13.11:
  version "0.13.11"
  resolved "https://registry.yarnpkg.com/regenerator-runtime/-/regenerator-runtime-0.13.11.tgz#f6dca3e7ceec20590d07ada785636a90cdca17f9"
  integrity sha512-kY1AZVr2Ra+t+piVaJ4gxaFaReZVH40AKNo7UCX6W+dEwBo/2oZJzqfuN1qLq1oL45o56cPaTXELwrTh8Fpggg==

regexp.prototype.flags@^1.4.3:
  version "1.5.0"
  resolved "https://registry.yarnpkg.com/regexp.prototype.flags/-/regexp.prototype.flags-1.5.0.tgz#fe7ce25e7e4cca8db37b6634c8a2c7009199b9cb"
  integrity sha512-0SutC3pNudRKgquxGoRGIz946MZVHqbNfPjBdxeOhBrdgDKlRoXmYLQN9xRbrR09ZXWeGAdPuif7egofn6v5LA==
  dependencies:
    call-bind "^1.0.2"
    define-properties "^1.2.0"
    functions-have-names "^1.2.3"

resolve-pathname@^3.0.0:
  version "3.0.0"
  resolved "https://registry.yarnpkg.com/resolve-pathname/-/resolve-pathname-3.0.0.tgz#99d02224d3cf263689becbb393bc560313025dcd"
  integrity sha512-C7rARubxI8bXFNB/hqcp/4iUeIXJhJZvFPFPiSPRnhU5UPxzMFIl+2E6yY6c4k9giDJAhtV+enfA+G89N6Csng==

side-channel@^1.0.4:
  version "1.0.4"
  resolved "https://registry.yarnpkg.com/side-channel/-/side-channel-1.0.4.tgz#efce5c8fdc104ee751b25c58d4290011fa5ea2cf"
  integrity sha512-q5XPytqFEIKHkGdiMIrY10mvLRvnQh42/+GoBlFW3b2LXLE2xxJpZFdm94we0BaoV3RwJyGqg5wS7epxTv0Zvw==
  dependencies:
    call-bind "^1.0.0"
    get-intrinsic "^1.0.2"
    object-inspect "^1.9.0"

stop-iteration-iterator@^1.0.0:
  version "1.0.0"
  resolved "https://registry.yarnpkg.com/stop-iteration-iterator/-/stop-iteration-iterator-1.0.0.tgz#6a60be0b4ee757d1ed5254858ec66b10c49285e4"
  integrity sha512-iCGQj+0l0HOdZ2AEeBADlsRC+vsnDsZsbdSiH1yNSjcfKM7fdpCMfqAL/dwF5BLiw/XhRft/Wax6zQbhq2BcjQ==
  dependencies:
    internal-slot "^1.0.4"

supports-color@^5.3.0:
  version "5.5.0"
  resolved "https://registry.yarnpkg.com/supports-color/-/supports-color-5.5.0.tgz#e2e69a44ac8772f78a1ec0b35b689df6530efc8f"
  integrity sha512-QjVjwdXIt408MIiAqCX4oUKsgU2EqAGzs2Ppkm4aQYbjm+ZEWEcW4SfFNTr4uMNZma0ey4f5lgLrkB0aX0QMow==
  dependencies:
    has-flag "^3.0.0"

supports-color@^7.1.0:
  version "7.2.0"
  resolved "https://registry.yarnpkg.com/supports-color/-/supports-color-7.2.0.tgz#1b7dcdcb32b8138801b3e478ba6a51caa89648da"
  integrity sha512-qpCAvRl9stuOHveKsn7HncJRvv501qIacKzQlO/+Lwxc9+0q2wLyv4Dfvt80/DPn2pqOBsJdDiogXGR9+OvwRw==
  dependencies:
    has-flag "^4.0.0"

tiny-invariant@^1.0.2:
  version "1.3.1"
  resolved "https://registry.yarnpkg.com/tiny-invariant/-/tiny-invariant-1.3.1.tgz#8560808c916ef02ecfd55e66090df23a4b7aa642"
  integrity sha512-AD5ih2NlSssTCwsMznbvwMZpJ1cbhkGd2uueNxzv2jDlEeZdU04JQfRnggJQ8DrcVBGjAsCKwFBbDlVNtEMlzw==

tiny-warning@^1.0.0:
  version "1.0.3"
  resolved "https://registry.yarnpkg.com/tiny-warning/-/tiny-warning-1.0.3.tgz#94a30db453df4c643d0fd566060d60a875d84754"
  integrity sha512-lBN9zLN/oAf68o3zNXYrdCt1kP8WsiGW8Oo2ka41b2IM5JL/S1CTyX1rW0mb/zSuJun0ZUrDxx4sqvYS2FWzPA==

tslib@^2.4.0:
  version "2.5.0"
  resolved "https://registry.yarnpkg.com/tslib/-/tslib-2.5.0.tgz#42bfed86f5787aeb41d031866c8f402429e0fddf"
  integrity sha512-336iVw3rtn2BUK7ORdIAHTyxHGRIHVReokCR3XjbckJMK7ms8FysBfhLR8IXnAgy7T0PTPNBWKiH514FOW/WSg==

use-isomorphic-layout-effect@^1.1.1:
  version "1.1.2"
  resolved "https://registry.yarnpkg.com/use-isomorphic-layout-effect/-/use-isomorphic-layout-effect-1.1.2.tgz#497cefb13d863d687b08477d9e5a164ad8c1a6fb"
  integrity sha512-49L8yCO3iGT/ZF9QttjwLF/ZD9Iwto5LnH5LmEdk/6cFmXddqi2ulF0edxTwjj+7mqvpVVGQWvbXZdn32wRSHA==

use-latest@^1.2.1:
  version "1.2.1"
  resolved "https://registry.yarnpkg.com/use-latest/-/use-latest-1.2.1.tgz#d13dfb4b08c28e3e33991546a2cee53e14038cf2"
  integrity sha512-xA+AVm/Wlg3e2P/JiItTziwS7FK92LWrDB0p+hgXloIMuVCeJJ8v6f0eeHyPZaJrM+usM1FkFfbNCrJGs8A/zw==
  dependencies:
    use-isomorphic-layout-effect "^1.1.1"

use-onclickoutside@^0.4.1:
  version "0.4.1"
  resolved "https://registry.yarnpkg.com/use-onclickoutside/-/use-onclickoutside-0.4.1.tgz#81485ba438c7f8fba5b4656e82773bcfce9ea7a9"
  integrity sha512-hAo1viJ9D2mPffUig4EWCwE4as7fq84HANk3MCkY3rhXk5oMl0mjLCLF/OhzWIhTaITcAcDDcnaxRdMHPq+sww==
  dependencies:
    are-passive-events-supported "^1.1.1"
    use-latest "^1.2.1"

value-equal@^1.0.1:
  version "1.0.1"
  resolved "https://registry.yarnpkg.com/value-equal/-/value-equal-1.0.1.tgz#1e0b794c734c5c0cade179c437d356d931a34d6c"
  integrity sha512-NOJ6JZCAWr0zlxZt+xqCHNTEKOsrks2HQd4MqhP1qy4z1SkbEP467eNx6TgDKXMvUOb+OENfJCZwM+16n7fRfw==

which-boxed-primitive@^1.0.2:
  version "1.0.2"
  resolved "https://registry.yarnpkg.com/which-boxed-primitive/-/which-boxed-primitive-1.0.2.tgz#13757bc89b209b049fe5d86430e21cf40a89a8e6"
  integrity sha512-bwZdv0AKLpplFY2KZRX6TvyuN7ojjr7lwkg6ml0roIy9YeuSr7JS372qlNW18UQYzgYK9ziGcerWqZOmEn9VNg==
  dependencies:
    is-bigint "^1.0.1"
    is-boolean-object "^1.1.0"
    is-number-object "^1.0.4"
    is-string "^1.0.5"
    is-symbol "^1.0.3"

which-collection@^1.0.1:
  version "1.0.1"
  resolved "https://registry.yarnpkg.com/which-collection/-/which-collection-1.0.1.tgz#70eab71ebbbd2aefaf32f917082fc62cdcb70906"
  integrity sha512-W8xeTUwaln8i3K/cY1nGXzdnVZlidBcagyNFtBdD5kxnb4TvGKR7FfSIS3mYpwWS1QUCutfKz8IY8RjftB0+1A==
  dependencies:
    is-map "^2.0.1"
    is-set "^2.0.1"
    is-weakmap "^2.0.1"
    is-weakset "^2.0.1"

which-typed-array@^1.1.9:
  version "1.1.9"
  resolved "https://registry.yarnpkg.com/which-typed-array/-/which-typed-array-1.1.9.tgz#307cf898025848cf995e795e8423c7f337efbde6"
  integrity sha512-w9c4xkx6mPidwp7180ckYWfMmvxpjlZuIudNtDf4N/tTAUB8VJbX25qZoAsrtGuYNnGw3pa0AXgbGKRB8/EceA==
  dependencies:
    available-typed-arrays "^1.0.5"
    call-bind "^1.0.2"
    for-each "^0.3.3"
    gopd "^1.0.1"
    has-tostringtag "^1.0.0"
    is-typed-array "^1.1.10"
