# This file is generated by running "yarn install" inside your project.
# Manual changes might be lost - proceed with caution!

__metadata:
  version: 6
  cacheKey: 8

"@babel/runtime@npm:7.20.0":
  version: 7.20.0
  resolution: "@babel/runtime@npm:7.20.0"
  dependencies:
    regenerator-runtime: ^0.13.10
  checksum: 637fca51db34f3a59d329b7e0d01163769fe94915fdb04e4ac4ba62de9f1ca637ce3a564fe3b0166ccdd7f02f14b6a5707ee3e550b3e01c72327c6620d8e6a8b
  languageName: node
  linkType: hard

"@babel/runtime@npm:^7.1.2, @babel/runtime@npm:^7.12.13":
  version: 7.21.0
  resolution: "@babel/runtime@npm:7.21.0"
  dependencies:
    regenerator-runtime: ^0.13.11
  checksum: 7b33e25bfa9e0e1b9e8828bb61b2d32bdd46b41b07ba7cb43319ad08efc6fda8eb89445193e67d6541814627df0ca59122c0ea795e412b99c5183a0540d338ab
  languageName: node
  linkType: hard

"@logora/ui@workspace:.":
  version: 0.0.0-use.local
  resolution: "@logora/ui@workspace:."
  dependencies:
    "@babel/runtime": 7.20.0
    "@types/node": 12.20.4
    "@types/react": ^17.0.8
    "@types/react-dom": ^17.0.5
    core-js: ^3.0.0
    react: ^16.8.0 || ^17.0.0
    react-dom: ^16.8.0 || ^17.0.0
    react-router: ^5.3.4
    react-router-dom: ^5.3.4
  peerDependencies:
    react: ^16.8.0 || ^17.0.0
    react-dom: ^16.8.0 || ^17.0.0
    react-router: ^5.3.4
    react-router-dom: ^5.3.4
  languageName: unknown
  linkType: soft

"@types/node@npm:12.20.4":
  version: 12.20.4
  resolution: "@types/node@npm:12.20.4"
  checksum: 30f1f5d8159fcb968206706f0f943167731f3d0763602571af29676b1afdcfe3b41524442cacdee3853a456dcd11d0e3ab2bf28b6821dfa2749a4b393fe7b510
  languageName: node
  linkType: hard

"@types/prop-types@npm:*":
  version: 15.7.5
  resolution: "@types/prop-types@npm:15.7.5"
  checksum: 5b43b8b15415e1f298243165f1d44390403bb2bd42e662bca3b5b5633fdd39c938e91b7fce3a9483699db0f7a715d08cef220c121f723a634972fdf596aec980
  languageName: node
  linkType: hard

"@types/react-dom@npm:^17.0.5":
  version: 17.0.19
  resolution: "@types/react-dom@npm:17.0.19"
  dependencies:
    "@types/react": ^17
  checksum: 875a472d868b235435c905ded16cf92297bd2afb20a5a78f5dccd54312f6f038ccf452ea92bb41c0b39150c2f16f3ddff0265a2de756c6f63b0971dd5719578b
  languageName: node
  linkType: hard

"@types/react@npm:^17, @types/react@npm:^17.0.8":
  version: 17.0.58
  resolution: "@types/react@npm:17.0.58"
  dependencies:
    "@types/prop-types": "*"
    "@types/scheduler": "*"
    csstype: ^3.0.2
  checksum: 4eaf32b86c43f388c681e34a00921c508dd88a1d1022aebfadc5fe802b7c5bed863de1a17eed31e43ca2d65222952dfe79a022055a0e6e4e1ad89fc5a42ec05e
  languageName: node
  linkType: hard

"@types/scheduler@npm:*":
  version: 0.16.3
  resolution: "@types/scheduler@npm:0.16.3"
  checksum: 2b0aec39c24268e3ce938c5db2f2e77f5c3dd280e05c262d9c2fe7d890929e4632a6b8e94334017b66b45e4f92a5aa42ba3356640c2a1175fa37bef2f5200767
  languageName: node
  linkType: hard

"core-js@npm:^3.0.0":
  version: 3.30.1
  resolution: "core-js@npm:3.30.1"
  checksum: 6d4a00b488694d4c715c424e15dfef31433ac7aa395c39c518a0cfacec918ada1c716fed74682033197e0164e23bbf38bfd598ee9a239c4aaa590ab1ba862ac8
  languageName: node
  linkType: hard

"csstype@npm:^3.0.2":
  version: 3.1.2
  resolution: "csstype@npm:3.1.2"
  checksum: e1a52e6c25c1314d6beef5168da704ab29c5186b877c07d822bd0806717d9a265e8493a2e35ca7e68d0f5d472d43fac1cdce70fd79fd0853dff81f3028d857b5
  languageName: node
  linkType: hard

"display-100652@workspace:src/components/styles/display":
  version: 0.0.0-use.local
  resolution: "display-100652@workspace:src/components/styles/display"
  languageName: unknown
  linkType: soft

"flex-39962c@workspace:src/components/styles/flex":
  version: 0.0.0-use.local
  resolution: "flex-39962c@workspace:src/components/styles/flex"
  languageName: unknown
  linkType: soft

"history@npm:^4.9.0":
  version: 4.10.1
  resolution: "history@npm:4.10.1"
  dependencies:
    "@babel/runtime": ^7.1.2
    loose-envify: ^1.2.0
    resolve-pathname: ^3.0.0
    tiny-invariant: ^1.0.2
    tiny-warning: ^1.0.0
    value-equal: ^1.0.1
  checksum: addd84bc4683929bae4400419b5af132ff4e4e9b311a0d4e224579ea8e184a6b80d7f72c55927e4fa117f69076a9e47ce082d8d0b422f1a9ddac7991490ca1d0
  languageName: node
  linkType: hard

"hoist-non-react-statics@npm:^3.1.0":
  version: 3.3.2
  resolution: "hoist-non-react-statics@npm:3.3.2"
  dependencies:
    react-is: ^16.7.0
  checksum: b1538270429b13901ee586aa44f4cc3ecd8831c061d06cb8322e50ea17b3f5ce4d0e2e66394761e6c8e152cd8c34fb3b4b690116c6ce2bd45b18c746516cb9e8
  languageName: node
  linkType: hard

"isarray@npm:0.0.1":
  version: 0.0.1
  resolution: "isarray@npm:0.0.1"
  checksum: 49191f1425681df4a18c2f0f93db3adb85573bcdd6a4482539d98eac9e705d8961317b01175627e860516a2fc45f8f9302db26e5a380a97a520e272e2a40a8d4
  languageName: node
  linkType: hard

"js-tokens@npm:^3.0.0 || ^4.0.0":
  version: 4.0.0
  resolution: "js-tokens@npm:4.0.0"
  checksum: 8a95213a5a77deb6cbe94d86340e8d9ace2b93bc367790b260101d2f36a2eaf4e4e22d9fa9cf459b38af3a32fb4190e638024cf82ec95ef708680e405ea7cc78
  languageName: node
  linkType: hard

"loose-envify@npm:^1.1.0, loose-envify@npm:^1.2.0, loose-envify@npm:^1.3.1, loose-envify@npm:^1.4.0":
  version: 1.4.0
  resolution: "loose-envify@npm:1.4.0"
  dependencies:
    js-tokens: ^3.0.0 || ^4.0.0
  bin:
    loose-envify: cli.js
  checksum: 6517e24e0cad87ec9888f500c5b5947032cdfe6ef65e1c1936a0c48a524b81e65542c9c3edc91c97d5bddc806ee2a985dbc79be89215d613b1de5db6d1cfe6f4
  languageName: node
  linkType: hard

"object-assign@npm:^4.1.1":
  version: 4.1.1
  resolution: "object-assign@npm:4.1.1"
  checksum: fcc6e4ea8c7fe48abfbb552578b1c53e0d194086e2e6bbbf59e0a536381a292f39943c6e9628af05b5528aa5e3318bb30d6b2e53cadaf5b8fe9e12c4b69af23f
  languageName: node
  linkType: hard

"path-to-regexp@npm:^1.7.0":
  version: 1.8.0
  resolution: "path-to-regexp@npm:1.8.0"
  dependencies:
    isarray: 0.0.1
  checksum: 709f6f083c0552514ef4780cb2e7e4cf49b0cc89a97439f2b7cc69a608982b7690fb5d1720a7473a59806508fc2dae0be751ba49f495ecf89fd8fbc62abccbcd
  languageName: node
  linkType: hard

"prop-types@npm:^15.6.2":
  version: 15.8.1
  resolution: "prop-types@npm:15.8.1"
  dependencies:
    loose-envify: ^1.4.0
    object-assign: ^4.1.1
    react-is: ^16.13.1
  checksum: c056d3f1c057cb7ff8344c645450e14f088a915d078dcda795041765047fa080d38e5d626560ccaac94a4e16e3aa15f3557c1a9a8d1174530955e992c675e459
  languageName: node
  linkType: hard

"react-dom@npm:^16.8.0 || ^17.0.0":
  version: 17.0.2
  resolution: "react-dom@npm:17.0.2"
  dependencies:
    loose-envify: ^1.1.0
    object-assign: ^4.1.1
    scheduler: ^0.20.2
  peerDependencies:
    react: 17.0.2
  checksum: 1c1eaa3bca7c7228d24b70932e3d7c99e70d1d04e13bb0843bbf321582bc25d7961d6b8a6978a58a598af2af496d1cedcfb1bf65f6b0960a0a8161cb8dab743c
  languageName: node
  linkType: hard

"react-is@npm:^16.13.1, react-is@npm:^16.6.0, react-is@npm:^16.7.0":
  version: 16.13.1
  resolution: "react-is@npm:16.13.1"
  checksum: f7a19ac3496de32ca9ae12aa030f00f14a3d45374f1ceca0af707c831b2a6098ef0d6bdae51bd437b0a306d7f01d4677fcc8de7c0d331eb47ad0f46130e53c5f
  languageName: node
  linkType: hard

"react-router-dom@npm:^5.3.4":
  version: 5.3.4
  resolution: "react-router-dom@npm:5.3.4"
  dependencies:
    "@babel/runtime": ^7.12.13
    history: ^4.9.0
    loose-envify: ^1.3.1
    prop-types: ^15.6.2
    react-router: 5.3.4
    tiny-invariant: ^1.0.2
    tiny-warning: ^1.0.0
  peerDependencies:
    react: ">=15"
  checksum: b86a6f2f5222f041e38adf4e4b32c7643d6735a1a915ef25855b2db285fd059d72ba8d62e5bcd5d822b8ef9520a80453209e55077f5a90d0f72e908979b8f535
  languageName: node
  linkType: hard

"react-router@npm:5.3.4, react-router@npm:^5.3.4":
  version: 5.3.4
  resolution: "react-router@npm:5.3.4"
  dependencies:
    "@babel/runtime": ^7.12.13
    history: ^4.9.0
    hoist-non-react-statics: ^3.1.0
    loose-envify: ^1.3.1
    path-to-regexp: ^1.7.0
    prop-types: ^15.6.2
    react-is: ^16.6.0
    tiny-invariant: ^1.0.2
    tiny-warning: ^1.0.0
  peerDependencies:
    react: ">=15"
  checksum: 892d4e274a23bf4f39abc2efca54472fb646d3aed4b584020cf49654d2f50d09a2bacebe7c92b4ec7cb8925077376dfcd0664bad6442a73604397cefec9f01f9
  languageName: node
  linkType: hard

"react@npm:^16.8.0 || ^17.0.0":
  version: 17.0.2
  resolution: "react@npm:17.0.2"
  dependencies:
    loose-envify: ^1.1.0
    object-assign: ^4.1.1
  checksum: b254cc17ce3011788330f7bbf383ab653c6848902d7936a87b09d835d091e3f295f7e9dd1597c6daac5dc80f90e778c8230218ba8ad599f74adcc11e33b9d61b
  languageName: node
  linkType: hard

"regenerator-runtime@npm:^0.13.10, regenerator-runtime@npm:^0.13.11":
  version: 0.13.11
  resolution: "regenerator-runtime@npm:0.13.11"
  checksum: 27481628d22a1c4e3ff551096a683b424242a216fee44685467307f14d58020af1e19660bf2e26064de946bad7eff28950eae9f8209d55723e2d9351e632bbb4
  languageName: node
  linkType: hard

"resolve-pathname@npm:^3.0.0":
  version: 3.0.0
  resolution: "resolve-pathname@npm:3.0.0"
  checksum: 6147241ba42c423dbe83cb067a2b4af4f60908c3af57e1ea567729cc71416c089737fe2a73e9e79e7a60f00f66c91e4b45ad0d37cd4be2d43fec44963ef14368
  languageName: node
  linkType: hard

"scheduler@npm:^0.20.2":
  version: 0.20.2
  resolution: "scheduler@npm:0.20.2"
  dependencies:
    loose-envify: ^1.1.0
    object-assign: ^4.1.1
  checksum: c4b35cf967c8f0d3e65753252d0f260271f81a81e427241295c5a7b783abf4ea9e905f22f815ab66676f5313be0a25f47be582254db8f9241b259213e999b8fc
  languageName: node
  linkType: hard

"spacing-44d24d@workspace:src/components/styles/spacing":
  version: 0.0.0-use.local
  resolution: "spacing-44d24d@workspace:src/components/styles/spacing"
  languageName: unknown
  linkType: soft

"theme-17e024@workspace:src/components/styles/theme":
  version: 0.0.0-use.local
  resolution: "theme-17e024@workspace:src/components/styles/theme"
  languageName: unknown
  linkType: soft

"tiny-invariant@npm:^1.0.2":
  version: 1.3.1
  resolution: "tiny-invariant@npm:1.3.1"
  checksum: 872dbd1ff20a21303a2fd20ce3a15602cfa7fcf9b228bd694a52e2938224313b5385a1078cb667ed7375d1612194feaca81c4ecbe93121ca1baebe344de4f84c
  languageName: node
  linkType: hard

"tiny-warning@npm:^1.0.0":
  version: 1.0.3
  resolution: "tiny-warning@npm:1.0.3"
  checksum: da62c4acac565902f0624b123eed6dd3509bc9a8d30c06e017104bedcf5d35810da8ff72864400ad19c5c7806fc0a8323c68baf3e326af7cb7d969f846100d71
  languageName: node
  linkType: hard

"value-equal@npm:^1.0.1":
  version: 1.0.1
  resolution: "value-equal@npm:1.0.1"
  checksum: bb7ae1facc76b5cf8071aeb6c13d284d023fdb370478d10a5d64508e0e6e53bb459c4bbe34258df29d82e6f561f874f0105eba38de0e61fe9edd0bdce07a77a2
  languageName: node
  linkType: hard
